
Microsoft Visual Studio Solution File, Format Version 12.00
# Visual Studio Version 17
VisualStudioVersion = 17.11.35312.102
MinimumVisualStudioVersion = 10.0.40219.1
Project("{FAE04EC0-301F-11D3-BF4B-00C04F79EFBC}") = "Mapa_Celular", "Mapa_Celular\Mapa_Celular.csproj", "{DCDAC39A-9670-4048-8B13-DDF3ED398F0A}"
EndProject
Global
	GlobalSection(SolutionConfigurationPlatforms) = preSolution
		Debug|Any CPU = Debug|Any CPU
		Release|Any CPU = Release|Any CPU
	EndGlobalSection
	GlobalSection(ProjectConfigurationPlatforms) = postSolution
		{DCDAC39A-9670-4048-8B13-DDF3ED398F0A}.Debug|Any CPU.ActiveCfg = Debug|Any CPU
		{DCDAC39A-9670-4048-8B13-DDF3ED398F0A}.Debug|Any CPU.Build.0 = Debug|Any CPU
		{DCDAC39A-9670-4048-8B13-DDF3ED398F0A}.Debug|Any CPU.Deploy.0 = Debug|Any CPU
		{DCDAC39A-9670-4048-8B13-DDF3ED398F0A}.Release|Any CPU.ActiveCfg = Release|Any CPU
		{DCDAC39A-9670-4048-8B13-DDF3ED398F0A}.Release|Any CPU.Build.0 = Release|Any CPU
		{DCDAC39A-9670-4048-8B13-DDF3ED398F0A}.Release|Any CPU.Deploy.0 = Release|Any CPU
	EndGlobalSection
	GlobalSection(SolutionProperties) = preSolution
		HideSolutionNode = FALSE
	EndGlobalSection
	GlobalSection(ExtensibilityGlobals) = postSolution
		SolutionGuid = {0EB3080F-83C4-4794-B426-E0540398F3D6}
	EndGlobalSection
EndGlobal
